{
  "name": "fundamentals-of-functional-programming-in-javascript",
  "version": "1.0.0",
  "lockfileVersion": 1,
  "requires": true,
  "dependencies": {
    "rambda": {
      "version": "1.1.0",
      "resolved": "https://registry.npmjs.org/rambda/-/rambda-1.1.0.tgz",
      "integrity": "sha512-cASnTcg/xGacViFd6MyChXL7jPsi+RQ5/Z/ssutaVcmbeXoL4ZeENmVTSCnwwYpg4C/2+6Kq0KeMn143B6Q39Q=="
    }
  }
}
